
Microsoft Visual Studio Solution File, Format Version 12.00
# Visual Studio Version 17
VisualStudioVersion = 17.5.33516.290
MinimumVisualStudioVersion = 10.0.40219.1
Project("{FAE04EC0-301F-11D3-BF4B-00C04F79EFBC}") = "PlanificatorProiecte", "PlanificatorProiecte\PlanificatorProiecte.csproj", "{403A2402-EC7D-4BCC-8B0C-62218DB9A369}"
EndProject
Global
	GlobalSection(SolutionConfigurationPlatforms) = preSolution
		Debug|Any CPU = Debug|Any CPU
		Release|Any CPU = Release|Any CPU
	EndGlobalSection
	GlobalSection(ProjectConfigurationPlatforms) = postSolution
		{403A2402-EC7D-4BCC-8B0C-62218DB9A369}.Debug|Any CPU.ActiveCfg = Debug|Any CPU
		{403A2402-EC7D-4BCC-8B0C-62218DB9A369}.Debug|Any CPU.Build.0 = Debug|Any CPU
		{403A2402-EC7D-4BCC-8B0C-62218DB9A369}.Release|Any CPU.ActiveCfg = Release|Any CPU
		{403A2402-EC7D-4BCC-8B0C-62218DB9A369}.Release|Any CPU.Build.0 = Release|Any CPU
	EndGlobalSection
	GlobalSection(SolutionProperties) = preSolution
		HideSolutionNode = FALSE
	EndGlobalSection
	GlobalSection(ExtensibilityGlobals) = postSolution
		SolutionGuid = {F87F57E6-BA23-4DEB-88EA-058D2D8C72BF}
	EndGlobalSection
EndGlobal
